
Microsoft Visual Studio Solution File, Format Version 12.00
# Visual Studio Version 16
VisualStudioVersion = 16.0.809.5
MinimumVisualStudioVersion = 10.0.40219.1
Project("{FAE04EC0-301F-11D3-BF4B-00C04F79EFBC}") = "RockPaperScissors", "RockPaperScissors\RockPaperScissors.csproj", "{1415CB41-F02D-45D8-B08F-B309D898E760}"
EndProject
Global
	GlobalSection(SolutionConfigurationPlatforms) = preSolution
		Debug|Any CPU = Debug|Any CPU
		Release|Any CPU = Release|Any CPU
	EndGlobalSection
	GlobalSection(ProjectConfigurationPlatforms) = postSolution
		{1415CB41-F02D-45D8-B08F-B309D898E760}.Debug|Any CPU.ActiveCfg = Debug|Any CPU
		{1415CB41-F02D-45D8-B08F-B309D898E760}.Debug|Any CPU.Build.0 = Debug|Any CPU
		{1415CB41-F02D-45D8-B08F-B309D898E760}.Release|Any CPU.ActiveCfg = Release|Any CPU
		{1415CB41-F02D-45D8-B08F-B309D898E760}.Release|Any CPU.Build.0 = Release|Any CPU
	EndGlobalSection
	GlobalSection(SolutionProperties) = preSolution
		HideSolutionNode = FALSE
	EndGlobalSection
	GlobalSection(ExtensibilityGlobals) = postSolution
		SolutionGuid = {770BB2E9-AC5B-4C77-A791-99B1E171DC39}
	EndGlobalSection
EndGlobal
